<?xml version="1.0" encoding="UTF-8" standalone="yes" ?>
<CodeBlocks_project_file>
	<FileVersion major="1" minor="6" />
	<Project>
		<Option title="erg.cbproject-custom-vars" />
		<Option pch_mode="2" />
		<Option compiler="gcc" />
		<Option virtualFolders="src/;" />
		<Build>
			<Target title="dev">
				<Option output="bin/D/erg" prefix_auto="1" extension_auto="1" />
				<Option object_output="obj/D/" />
				<Option type="1" />
				<Option compiler="gcc" />
				<Compiler>
					<Add option="-g" />
				</Compiler>
			</Target>
			<Target title="pub">
				<Option output="bin/D/erg" prefix_auto="1" extension_auto="1" />
				<Option object_output="obj/D/" />
				<Option type="1" />
				<Option compiler="gcc" />
				<Compiler>
					<Add option="-g" />
				</Compiler>
			</Target>
		</Build>
		<Compiler>
			<Add option="-Wall" />
		</Compiler>
		<Unit filename="src/compileoptionsbase.cpp">
			<Option compile="0" />
			<Option link="0" />
			<Option virtualFolder="src/" />
			<Option target="&lt;{~None~}&gt;" />
		</Unit>
		<Unit filename="src/compileoptionsbase.h">
			<Option virtualFolder="src/" />
			<Option target="&lt;{~None~}&gt;" />
		</Unit>
		<Unit filename="src/compiler_options.xrc">
			<Option virtualFolder="src/" />
			<Option target="&lt;{~None~}&gt;" />
		</Unit>
		<Unit filename="src/compileroptionsdlg.cpp">
			<Option compile="0" />
			<Option link="0" />
			<Option virtualFolder="src/" />
			<Option target="&lt;{~None~}&gt;" />
		</Unit>
		<Unit filename="src/compileroptionsdlg.h">
			<Option virtualFolder="src/" />
			<Option target="&lt;{~None~}&gt;" />
		</Unit>
		<Unit filename="src/projectloader.cpp">
			<Option compile="0" />
			<Option link="0" />
			<Option virtualFolder="src/" />
			<Option target="&lt;{~None~}&gt;" />
		</Unit>
		<Extensions>
			<envvars />
			<code_completion />
			<debugger />
		</Extensions>
	</Project>
</CodeBlocks_project_file>
