<?xml version="1.0" encoding="UTF-8" standalone="yes" ?>
<CodeBlocks_project_file>
	<FileVersion major="1" minor="6" />
	<Project>
		<Option title="erg.cbproject-custom-vars" />
		<Option pch_mode="2" />
		<Option compiler="gcc" />
		<Option virtualFolders="src/;notes/;build/;build/lx/;dev/;dev/lx/;" />
		<Build>
			<Target title="lx-dev">
				<Option output="bin/D/erg" prefix_auto="1" extension_auto="1" />
				<Option object_output="obj/D/" />
				<Option type="1" />
				<Option compiler="gcc" />
				<Compiler>
					<Add option="-g" />
				</Compiler>
				<ExtraCommands>
					<Add before="chmod u=rwx build/lx/build.bash" />
					<Add before="./build/lx/build.bash $(PROJECT_DIR) dev $(CB_CVARS__CB_SVN_TRUNK_DIR) $(CB_CVARS__CB_OBF_TRUNK_DIR) $(CB_CVARS__CB_SVN_VERSION) $(CB_CVARS__GIT_VERSION)" />
				</ExtraCommands>
			</Target>
			<Target title="lx-pub-svn">
				<Option output="bin/D/erg" prefix_auto="1" extension_auto="1" />
				<Option object_output="obj/D/" />
				<Option type="1" />
				<Option compiler="gcc" />
				<Compiler>
					<Add option="-g" />
				</Compiler>
				<ExtraCommands>
					<Add before="chmod u=rwx build/lx/build.bash" />
					<Add before="./build/lx/build.bash $(PROJECT_DIR) pub-svn $(CB_CVARS__CB_SVN_TRUNK_DIR) $(CB_CVARS__CB_OBF_TRUNK_DIR) $(CB_CVARS__CB_SVN_VERSION) $(CB_CVARS__GIT_VERSION)" />
				</ExtraCommands>
			</Target>
			<Target title="lx-pub-obf">
				<Option output="bin/D/erg" prefix_auto="1" extension_auto="1" />
				<Option object_output="obj/D/" />
				<Option type="1" />
				<Option compiler="gcc" />
				<Compiler>
					<Add option="-g" />
				</Compiler>
				<ExtraCommands>
					<Add before="chmod u=rwx build/lx/build.bash" />
					<Add before="./build/lx/build.bash $(PROJECT_DIR) pub-obf $(CB_CVARS__CB_SVN_TRUNK_DIR) $(CB_CVARS__CB_OBF_TRUNK_DIR) $(CB_CVARS__CB_SVN_VERSION) $(CB_CVARS__GIT_VERSION)" />
				</ExtraCommands>
			</Target>
			<Target title="lx-pub-all">
				<Option output="bin/D/erg" prefix_auto="1" extension_auto="1" />
				<Option object_output="obj/D/" />
				<Option type="1" />
				<Option compiler="gcc" />
				<Compiler>
					<Add option="-g" />
				</Compiler>
				<ExtraCommands>
					<Add before="chmod u=rwx build/lx/build.bash" />
					<Add before="./build/lx/build.bash $(PROJECT_DIR) pub-all $(CB_CVARS__CB_SVN_TRUNK_DIR) $(CB_CVARS__CB_OBF_TRUNK_DIR) $(CB_CVARS__CB_SVN_VERSION) $(CB_CVARS__GIT_VERSION)" />
				</ExtraCommands>
			</Target>
			<Target title="lx-cvars-usage">
				<Option output="bin/D/erg" prefix_auto="1" extension_auto="1" />
				<Option object_output="obj/D/" />
				<Option type="1" />
				<Option compiler="gcc" />
				<Compiler>
					<Add option="-g" />
				</Compiler>
				<ExtraCommands>
					<Add before="chmod u=rwx dev/lx/cvars-usage.bash" />
					<Add before="./dev/lx/cvars-usage.bash $(PROJECT_DIR) $(CB_CVARS__CB_USAGE_TRUNK_DIR)" />
				</ExtraCommands>
			</Target>
			<Environment>
				<Variable name="CB_CVARS__CB_OBF_TRUNK_DIR" value="/home/erg/Src/C-C++/codeblocks/obfuscated.cb/Work" />
				<Variable name="CB_CVARS__CB_SVN_TRUNK_DIR" value="/home/gwr/Src/C-C++/codeblocks/svn-ro/svn11914/trunk" />
				<Variable name="CB_CVARS__CB_SVN_VERSION" value="11914" />
				<Variable name="CB_CVARS__CB_USAGE_TRUNK_DIR" value="/home/gwr/Src/C-C++/codeblocks/svn-ro/svn11914/trunk" />
				<Variable name="CB_CVARS__GIT_VERSION" value="v-01.01.003" />
			</Environment>
		</Build>
		<Compiler>
			<Add option="-Wall" />
		</Compiler>
		<Unit filename="build/lx/build.bash">
			<Option virtualFolder="build/lx/" />
		</Unit>
		<Unit filename="build/lx/build.config.bash">
			<Option virtualFolder="build/lx/" />
		</Unit>
		<Unit filename="build/lx/build.dev.bash">
			<Option virtualFolder="build/lx/" />
		</Unit>
		<Unit filename="build/lx/build.pub-obf.bash">
			<Option virtualFolder="build/lx/" />
		</Unit>
		<Unit filename="build/lx/build.pub-svn.bash">
			<Option virtualFolder="build/lx/" />
		</Unit>
		<Unit filename="build/lx/build.pub.bash">
			<Option virtualFolder="build/lx/" />
		</Unit>
		<Unit filename="build/lx/erg.cb-cvars--apply-patches.bash">
			<Option virtualFolder="build/lx/" />
		</Unit>
		<Unit filename="dev/lx/cvars-usage.awk">
			<Option virtualFolder="dev/lx/" />
		</Unit>
		<Unit filename="dev/lx/cvars-usage.bash">
			<Option virtualFolder="dev/lx/" />
		</Unit>
		<Unit filename="notes/bugs.h">
			<Option virtualFolder="notes/" />
		</Unit>
		<Unit filename="notes/changelog.h">
			<Option virtualFolder="notes/" />
		</Unit>
		<Unit filename="notes/notes.h">
			<Option virtualFolder="notes/" />
		</Unit>
		<Unit filename="notes/todo.h">
			<Option virtualFolder="notes/" />
		</Unit>
		<Unit filename="src/compileoptionsbase.cpp">
			<Option compile="0" />
			<Option link="0" />
			<Option virtualFolder="src/" />
			<Option target="&lt;{~None~}&gt;" />
		</Unit>
		<Unit filename="src/compileoptionsbase.h">
			<Option virtualFolder="src/" />
			<Option target="&lt;{~None~}&gt;" />
		</Unit>
		<Unit filename="src/compiler.cpp">
			<Option compile="0" />
			<Option link="0" />
			<Option virtualFolder="src/" />
		</Unit>
		<Unit filename="src/compiler_options.xrc">
			<Option virtualFolder="src/" />
			<Option target="&lt;{~None~}&gt;" />
		</Unit>
		<Unit filename="src/compileroptionsdlg.cpp">
			<Option compile="0" />
			<Option link="0" />
			<Option virtualFolder="src/" />
			<Option target="&lt;{~None~}&gt;" />
		</Unit>
		<Unit filename="src/compileroptionsdlg.h">
			<Option virtualFolder="src/" />
			<Option target="&lt;{~None~}&gt;" />
		</Unit>
		<Unit filename="src/macrosmanager.cpp">
			<Option compile="0" />
			<Option link="0" />
			<Option virtualFolder="src/" />
		</Unit>
		<Unit filename="src/projectloader.cpp">
			<Option compile="0" />
			<Option link="0" />
			<Option virtualFolder="src/" />
			<Option target="&lt;{~None~}&gt;" />
		</Unit>
		<Extensions>
			<envvars />
			<code_completion />
			<debugger />
		</Extensions>
	</Project>
</CodeBlocks_project_file>
